
Microsoft Visual Studio Solution File, Format Version 12.00
# Visual Studio 2013
VisualStudioVersion = 12.0.21005.1
MinimumVisualStudioVersion = 10.0.40219.1
Project("{FAE04EC0-301F-11D3-BF4B-00C04F79EFBC}") = "Business", "Business\Business.csproj", "{8902949E-D50F-4A29-8748-257E1384145D}"
EndProject
Project("{FAE04EC0-301F-11D3-BF4B-00C04F79EFBC}") = "Common", "Common\Common.csproj", "{FCB6D2C7-FA05-458B-BD40-527AF0DA4BEA}"
EndProject
Project("{FAE04EC0-301F-11D3-BF4B-00C04F79EFBC}") = "DataLayer", "DataLayer\DataLayer.csproj", "{77207327-E0D5-4BD1-8B4D-061A11CAE9F9}"
EndProject
Project("{FAE04EC0-301F-11D3-BF4B-00C04F79EFBC}") = "FacultyAdmissionApp", "FacultyAdmissionApp\FacultyAdmissionApp.csproj", "{65C77B08-5A7F-44FF-B3DF-4B4816A5B5BC}"
EndProject
Global
	GlobalSection(SolutionConfigurationPlatforms) = preSolution
		Debug|Any CPU = Debug|Any CPU
		Release|Any CPU = Release|Any CPU
	EndGlobalSection
	GlobalSection(ProjectConfigurationPlatforms) = postSolution
		{8902949E-D50F-4A29-8748-257E1384145D}.Debug|Any CPU.ActiveCfg = Debug|Any CPU
		{8902949E-D50F-4A29-8748-257E1384145D}.Debug|Any CPU.Build.0 = Debug|Any CPU
		{8902949E-D50F-4A29-8748-257E1384145D}.Release|Any CPU.ActiveCfg = Release|Any CPU
		{8902949E-D50F-4A29-8748-257E1384145D}.Release|Any CPU.Build.0 = Release|Any CPU
		{FCB6D2C7-FA05-458B-BD40-527AF0DA4BEA}.Debug|Any CPU.ActiveCfg = Debug|Any CPU
		{FCB6D2C7-FA05-458B-BD40-527AF0DA4BEA}.Debug|Any CPU.Build.0 = Debug|Any CPU
		{FCB6D2C7-FA05-458B-BD40-527AF0DA4BEA}.Release|Any CPU.ActiveCfg = Release|Any CPU
		{FCB6D2C7-FA05-458B-BD40-527AF0DA4BEA}.Release|Any CPU.Build.0 = Release|Any CPU
		{77207327-E0D5-4BD1-8B4D-061A11CAE9F9}.Debug|Any CPU.ActiveCfg = Debug|Any CPU
		{77207327-E0D5-4BD1-8B4D-061A11CAE9F9}.Debug|Any CPU.Build.0 = Debug|Any CPU
		{77207327-E0D5-4BD1-8B4D-061A11CAE9F9}.Release|Any CPU.ActiveCfg = Release|Any CPU
		{77207327-E0D5-4BD1-8B4D-061A11CAE9F9}.Release|Any CPU.Build.0 = Release|Any CPU
		{65C77B08-5A7F-44FF-B3DF-4B4816A5B5BC}.Debug|Any CPU.ActiveCfg = Debug|Any CPU
		{65C77B08-5A7F-44FF-B3DF-4B4816A5B5BC}.Debug|Any CPU.Build.0 = Debug|Any CPU
		{65C77B08-5A7F-44FF-B3DF-4B4816A5B5BC}.Release|Any CPU.ActiveCfg = Release|Any CPU
		{65C77B08-5A7F-44FF-B3DF-4B4816A5B5BC}.Release|Any CPU.Build.0 = Release|Any CPU
	EndGlobalSection
	GlobalSection(SolutionProperties) = preSolution
		HideSolutionNode = FALSE
	EndGlobalSection
EndGlobal
